
Microsoft Visual Studio Solution File, Format Version 12.00
# Visual Studio 15
VisualStudioVersion = 15.0.26730.12
MinimumVisualStudioVersion = 10.0.40219.1
Project("{8BC9CEB8-8B4A-11D0-8D11-00A0C91BC942}") = "SmartSolenoid", "SmartSolenoid.vcxproj", "{2DB00D59-EB20-4121-B143-E18A808F3F3A}"
EndProject
Project("{8BC9CEB8-8B4A-11D0-8D11-00A0C91BC942}") = "ListFiles", "..\..\hardware\Adafruit\Adafruit_nRF52_Arduino\libraries\nffs\examples\ListFiles\ListFiles.vcxproj", "{0E8C450B-62F3-4D1B-897D-E1C2E8DB09CD}"
EndProject
Project("{8BC9CEB8-8B4A-11D0-8D11-00A0C91BC942}") = "ReadWrite", "..\..\hardware\Adafruit\Adafruit_nRF52_Arduino\libraries\nffs\examples\ReadWrite\ReadWrite.vcxproj", "{0F068FFF-CA52-408F-BC7D-5063C88288E8}"
EndProject
Global
	GlobalSection(SolutionConfigurationPlatforms) = preSolution
		Debug|x64 = Debug|x64
		Debug|x86 = Debug|x86
		Release|x64 = Release|x64
		Release|x86 = Release|x86
	EndGlobalSection
	GlobalSection(ProjectConfigurationPlatforms) = postSolution
		{2DB00D59-EB20-4121-B143-E18A808F3F3A}.Debug|x64.ActiveCfg = Debug|Win32
		{2DB00D59-EB20-4121-B143-E18A808F3F3A}.Debug|x86.ActiveCfg = Debug|Win32
		{2DB00D59-EB20-4121-B143-E18A808F3F3A}.Debug|x86.Build.0 = Debug|Win32
		{2DB00D59-EB20-4121-B143-E18A808F3F3A}.Release|x64.ActiveCfg = Release|Win32
		{2DB00D59-EB20-4121-B143-E18A808F3F3A}.Release|x86.ActiveCfg = Release|Win32
		{2DB00D59-EB20-4121-B143-E18A808F3F3A}.Release|x86.Build.0 = Release|Win32
		{0E8C450B-62F3-4D1B-897D-E1C2E8DB09CD}.Debug|x64.ActiveCfg = Debug|Win32
		{0E8C450B-62F3-4D1B-897D-E1C2E8DB09CD}.Debug|x86.ActiveCfg = Debug|Win32
		{0E8C450B-62F3-4D1B-897D-E1C2E8DB09CD}.Debug|x86.Build.0 = Debug|Win32
		{0E8C450B-62F3-4D1B-897D-E1C2E8DB09CD}.Release|x64.ActiveCfg = Release|Win32
		{0E8C450B-62F3-4D1B-897D-E1C2E8DB09CD}.Release|x86.ActiveCfg = Release|Win32
		{0E8C450B-62F3-4D1B-897D-E1C2E8DB09CD}.Release|x86.Build.0 = Release|Win32
		{0F068FFF-CA52-408F-BC7D-5063C88288E8}.Debug|x64.ActiveCfg = Debug|Win32
		{0F068FFF-CA52-408F-BC7D-5063C88288E8}.Debug|x86.ActiveCfg = Debug|Win32
		{0F068FFF-CA52-408F-BC7D-5063C88288E8}.Debug|x86.Build.0 = Debug|Win32
		{0F068FFF-CA52-408F-BC7D-5063C88288E8}.Release|x64.ActiveCfg = Release|Win32
		{0F068FFF-CA52-408F-BC7D-5063C88288E8}.Release|x86.ActiveCfg = Release|Win32
		{0F068FFF-CA52-408F-BC7D-5063C88288E8}.Release|x86.Build.0 = Release|Win32
	EndGlobalSection
	GlobalSection(SolutionProperties) = preSolution
		HideSolutionNode = FALSE
	EndGlobalSection
	GlobalSection(ExtensibilityGlobals) = postSolution
		SolutionGuid = {0BD60E62-2416-46B5-82BB-68A4FDB9A65B}
	EndGlobalSection
EndGlobal
